
Microsoft Visual Studio Solution File, Format Version 12.00
# Visual Studio 15
VisualStudioVersion = 15.0.28010.2036
MinimumVisualStudioVersion = 10.0.40219.1
Project("{FAE04EC0-301F-11D3-BF4B-00C04F79EFBC}") = "Ducks", "Ducks\Ducks.csproj", "{990B51CB-15CB-439C-8988-09E140FF7089}"
EndProject
Global
	GlobalSection(SolutionConfigurationPlatforms) = preSolution
		Debug|x86 = Debug|x86
		Release|x86 = Release|x86
	EndGlobalSection
	GlobalSection(ProjectConfigurationPlatforms) = postSolution
		{990B51CB-15CB-439C-8988-09E140FF7089}.Debug|x86.ActiveCfg = Debug|x86
		{990B51CB-15CB-439C-8988-09E140FF7089}.Debug|x86.Build.0 = Debug|x86
		{990B51CB-15CB-439C-8988-09E140FF7089}.Release|x86.ActiveCfg = Release|x86
		{990B51CB-15CB-439C-8988-09E140FF7089}.Release|x86.Build.0 = Release|x86
	EndGlobalSection
	GlobalSection(SolutionProperties) = preSolution
		HideSolutionNode = FALSE
	EndGlobalSection
	GlobalSection(ExtensibilityGlobals) = postSolution
		SolutionGuid = {E30BA49C-D74A-43F3-A350-88D9DFC833EE}
	EndGlobalSection
EndGlobal
